
Microsoft Visual Studio Solution File, Format Version 12.00
# Visual Studio 15
VisualStudioVersion = 15.0.27130.2036
MinimumVisualStudioVersion = 10.0.40219.1
Project("{FAE04EC0-301F-11D3-BF4B-00C04F79EFBC}") = "Deadlands_App.Android", "Deadlands_App\Deadlands_App.Android\Deadlands_App.Android.csproj", "{8D652623-E52E-4276-875A-51C52056F92E}"
EndProject
Project("{FAE04EC0-301F-11D3-BF4B-00C04F79EFBC}") = "Deadlands_App.iOS", "Deadlands_App\Deadlands_App.iOS\Deadlands_App.iOS.csproj", "{CC1ADA9A-629D-4184-96A7-454952853FAD}"
EndProject
Project("{FAE04EC0-301F-11D3-BF4B-00C04F79EFBC}") = "Deadlands_App.UWP", "Deadlands_App\Deadlands_App.UWP\Deadlands_App.UWP.csproj", "{CA8DDDA0-36B2-4AD4-9522-10B41E8173A1}"
EndProject
Project("{D954291E-2A0B-460D-934E-DC6B0785DB48}") = "Deadlands_App", "Deadlands_App\Deadlands_App\Deadlands_App.shproj", "{EF5343A7-708E-456A-8CB9-4F977B7F87DC}"
EndProject
Global
	GlobalSection(SharedMSBuildProjectFiles) = preSolution
		Deadlands_App\Deadlands_App\Deadlands_App.projitems*{8d652623-e52e-4276-875a-51c52056f92e}*SharedItemsImports = 4
		Deadlands_App\Deadlands_App\Deadlands_App.projitems*{ca8ddda0-36b2-4ad4-9522-10b41e8173a1}*SharedItemsImports = 4
		Deadlands_App\Deadlands_App\Deadlands_App.projitems*{cc1ada9a-629d-4184-96a7-454952853fad}*SharedItemsImports = 4
		Deadlands_App\Deadlands_App\Deadlands_App.projitems*{ef5343a7-708e-456a-8cb9-4f977b7f87dc}*SharedItemsImports = 13
	EndGlobalSection
	GlobalSection(SolutionConfigurationPlatforms) = preSolution
		Ad-Hoc|Any CPU = Ad-Hoc|Any CPU
		Ad-Hoc|ARM = Ad-Hoc|ARM
		Ad-Hoc|iPhone = Ad-Hoc|iPhone
		Ad-Hoc|iPhoneSimulator = Ad-Hoc|iPhoneSimulator
		Ad-Hoc|x64 = Ad-Hoc|x64
		Ad-Hoc|x86 = Ad-Hoc|x86
		AppStore|Any CPU = AppStore|Any CPU
		AppStore|ARM = AppStore|ARM
		AppStore|iPhone = AppStore|iPhone
		AppStore|iPhoneSimulator = AppStore|iPhoneSimulator
		AppStore|x64 = AppStore|x64
		AppStore|x86 = AppStore|x86
		Debug|Any CPU = Debug|Any CPU
		Debug|ARM = Debug|ARM
		Debug|iPhone = Debug|iPhone
		Debug|iPhoneSimulator = Debug|iPhoneSimulator
		Debug|x64 = Debug|x64
		Debug|x86 = Debug|x86
		Release|Any CPU = Release|Any CPU
		Release|ARM = Release|ARM
		Release|iPhone = Release|iPhone
		Release|iPhoneSimulator = Release|iPhoneSimulator
		Release|x64 = Release|x64
		Release|x86 = Release|x86
	EndGlobalSection
	GlobalSection(ProjectConfigurationPlatforms) = postSolution
		{8D652623-E52E-4276-875A-51C52056F92E}.Ad-Hoc|Any CPU.ActiveCfg = Release|Any CPU
		{8D652623-E52E-4276-875A-51C52056F92E}.Ad-Hoc|Any CPU.Build.0 = Release|Any CPU
		{8D652623-E52E-4276-875A-51C52056F92E}.Ad-Hoc|Any CPU.Deploy.0 = Release|Any CPU
		{8D652623-E52E-4276-875A-51C52056F92E}.Ad-Hoc|ARM.ActiveCfg = Release|Any CPU
		{8D652623-E52E-4276-875A-51C52056F92E}.Ad-Hoc|ARM.Build.0 = Release|Any CPU
		{8D652623-E52E-4276-875A-51C52056F92E}.Ad-Hoc|ARM.Deploy.0 = Release|Any CPU
		{8D652623-E52E-4276-875A-51C52056F92E}.Ad-Hoc|iPhone.ActiveCfg = Release|Any CPU
		{8D652623-E52E-4276-875A-51C52056F92E}.Ad-Hoc|iPhone.Build.0 = Release|Any CPU
		{8D652623-E52E-4276-875A-51C52056F92E}.Ad-Hoc|iPhone.Deploy.0 = Release|Any CPU
		{8D652623-E52E-4276-875A-51C52056F92E}.Ad-Hoc|iPhoneSimulator.ActiveCfg = Release|Any CPU
		{8D652623-E52E-4276-875A-51C52056F92E}.Ad-Hoc|iPhoneSimulator.Build.0 = Release|Any CPU
		{8D652623-E52E-4276-875A-51C52056F92E}.Ad-Hoc|iPhoneSimulator.Deploy.0 = Release|Any CPU
		{8D652623-E52E-4276-875A-51C52056F92E}.Ad-Hoc|x64.ActiveCfg = Release|Any CPU
		{8D652623-E52E-4276-875A-51C52056F92E}.Ad-Hoc|x64.Build.0 = Release|Any CPU
		{8D652623-E52E-4276-875A-51C52056F92E}.Ad-Hoc|x64.Deploy.0 = Release|Any CPU
		{8D652623-E52E-4276-875A-51C52056F92E}.Ad-Hoc|x86.ActiveCfg = Release|Any CPU
		{8D652623-E52E-4276-875A-51C52056F92E}.Ad-Hoc|x86.Build.0 = Release|Any CPU
		{8D652623-E52E-4276-875A-51C52056F92E}.Ad-Hoc|x86.Deploy.0 = Release|Any CPU
		{8D652623-E52E-4276-875A-51C52056F92E}.AppStore|Any CPU.ActiveCfg = Release|Any CPU
		{8D652623-E52E-4276-875A-51C52056F92E}.AppStore|Any CPU.Build.0 = Release|Any CPU
		{8D652623-E52E-4276-875A-51C52056F92E}.AppStore|Any CPU.Deploy.0 = Release|Any CPU
		{8D652623-E52E-4276-875A-51C52056F92E}.AppStore|ARM.ActiveCfg = Release|Any CPU
		{8D652623-E52E-4276-875A-51C52056F92E}.AppStore|ARM.Build.0 = Release|Any CPU
		{8D652623-E52E-4276-875A-51C52056F92E}.AppStore|ARM.Deploy.0 = Release|Any CPU
		{8D652623-E52E-4276-875A-51C52056F92E}.AppStore|iPhone.ActiveCfg = Release|Any CPU
		{8D652623-E52E-4276-875A-51C52056F92E}.AppStore|iPhone.Build.0 = Release|Any CPU
		{8D652623-E52E-4276-875A-51C52056F92E}.AppStore|iPhone.Deploy.0 = Release|Any CPU
		{8D652623-E52E-4276-875A-51C52056F92E}.AppStore|iPhoneSimulator.ActiveCfg = Release|Any CPU
		{8D652623-E52E-4276-875A-51C52056F92E}.AppStore|iPhoneSimulator.Build.0 = Release|Any CPU
		{8D652623-E52E-4276-875A-51C52056F92E}.AppStore|iPhoneSimulator.Deploy.0 = Release|Any CPU
		{8D652623-E52E-4276-875A-51C52056F92E}.AppStore|x64.ActiveCfg = Release|Any CPU
		{8D652623-E52E-4276-875A-51C52056F92E}.AppStore|x64.Build.0 = Release|Any CPU
		{8D652623-E52E-4276-875A-51C52056F92E}.AppStore|x64.Deploy.0 = Release|Any CPU
		{8D652623-E52E-4276-875A-51C52056F92E}.AppStore|x86.ActiveCfg = Release|Any CPU
		{8D652623-E52E-4276-875A-51C52056F92E}.AppStore|x86.Build.0 = Release|Any CPU
		{8D652623-E52E-4276-875A-51C52056F92E}.AppStore|x86.Deploy.0 = Release|Any CPU
		{8D652623-E52E-4276-875A-51C52056F92E}.Debug|Any CPU.ActiveCfg = Debug|Any CPU
		{8D652623-E52E-4276-875A-51C52056F92E}.Debug|Any CPU.Build.0 = Debug|Any CPU
		{8D652623-E52E-4276-875A-51C52056F92E}.Debug|Any CPU.Deploy.0 = Debug|Any CPU
		{8D652623-E52E-4276-875A-51C52056F92E}.Debug|ARM.ActiveCfg = Debug|Any CPU
		{8D652623-E52E-4276-875A-51C52056F92E}.Debug|ARM.Build.0 = Debug|Any CPU
		{8D652623-E52E-4276-875A-51C52056F92E}.Debug|ARM.Deploy.0 = Debug|Any CPU
		{8D652623-E52E-4276-875A-51C52056F92E}.Debug|iPhone.ActiveCfg = Debug|Any CPU
		{8D652623-E52E-4276-875A-51C52056F92E}.Debug|iPhoneSimulator.ActiveCfg = Debug|Any CPU
		{8D652623-E52E-4276-875A-51C52056F92E}.Debug|x64.ActiveCfg = Debug|Any CPU
		{8D652623-E52E-4276-875A-51C52056F92E}.Debug|x64.Build.0 = Debug|Any CPU
		{8D652623-E52E-4276-875A-51C52056F92E}.Debug|x64.Deploy.0 = Debug|Any CPU
		{8D652623-E52E-4276-875A-51C52056F92E}.Debug|x86.ActiveCfg = Debug|Any CPU
		{8D652623-E52E-4276-875A-51C52056F92E}.Debug|x86.Build.0 = Debug|Any CPU
		{8D652623-E52E-4276-875A-51C52056F92E}.Debug|x86.Deploy.0 = Debug|Any CPU
		{8D652623-E52E-4276-875A-51C52056F92E}.Release|Any CPU.ActiveCfg = Release|Any CPU
		{8D652623-E52E-4276-875A-51C52056F92E}.Release|Any CPU.Build.0 = Release|Any CPU
		{8D652623-E52E-4276-875A-51C52056F92E}.Release|Any CPU.Deploy.0 = Release|Any CPU
		{8D652623-E52E-4276-875A-51C52056F92E}.Release|ARM.ActiveCfg = Release|Any CPU
		{8D652623-E52E-4276-875A-51C52056F92E}.Release|ARM.Build.0 = Release|Any CPU
		{8D652623-E52E-4276-875A-51C52056F92E}.Release|ARM.Deploy.0 = Release|Any CPU
		{8D652623-E52E-4276-875A-51C52056F92E}.Release|iPhone.ActiveCfg = Release|Any CPU
		{8D652623-E52E-4276-875A-51C52056F92E}.Release|iPhone.Build.0 = Release|Any CPU
		{8D652623-E52E-4276-875A-51C52056F92E}.Release|iPhone.Deploy.0 = Release|Any CPU
		{8D652623-E52E-4276-875A-51C52056F92E}.Release|iPhoneSimulator.ActiveCfg = Release|Any CPU
		{8D652623-E52E-4276-875A-51C52056F92E}.Release|iPhoneSimulator.Build.0 = Release|Any CPU
		{8D652623-E52E-4276-875A-51C52056F92E}.Release|iPhoneSimulator.Deploy.0 = Release|Any CPU
		{8D652623-E52E-4276-875A-51C52056F92E}.Release|x64.ActiveCfg = Release|Any CPU
		{8D652623-E52E-4276-875A-51C52056F92E}.Release|x64.Build.0 = Release|Any CPU
		{8D652623-E52E-4276-875A-51C52056F92E}.Release|x64.Deploy.0 = Release|Any CPU
		{8D652623-E52E-4276-875A-51C52056F92E}.Release|x86.ActiveCfg = Release|Any CPU
		{8D652623-E52E-4276-875A-51C52056F92E}.Release|x86.Build.0 = Release|Any CPU
		{8D652623-E52E-4276-875A-51C52056F92E}.Release|x86.Deploy.0 = Release|Any CPU
		{CC1ADA9A-629D-4184-96A7-454952853FAD}.Ad-Hoc|Any CPU.ActiveCfg = Ad-Hoc|iPhone
		{CC1ADA9A-629D-4184-96A7-454952853FAD}.Ad-Hoc|ARM.ActiveCfg = Ad-Hoc|iPhone
		{CC1ADA9A-629D-4184-96A7-454952853FAD}.Ad-Hoc|iPhone.ActiveCfg = Ad-Hoc|iPhone
		{CC1ADA9A-629D-4184-96A7-454952853FAD}.Ad-Hoc|iPhone.Build.0 = Ad-Hoc|iPhone
		{CC1ADA9A-629D-4184-96A7-454952853FAD}.Ad-Hoc|iPhoneSimulator.ActiveCfg = Ad-Hoc|iPhoneSimulator
		{CC1ADA9A-629D-4184-96A7-454952853FAD}.Ad-Hoc|iPhoneSimulator.Build.0 = Ad-Hoc|iPhoneSimulator
		{CC1ADA9A-629D-4184-96A7-454952853FAD}.Ad-Hoc|x64.ActiveCfg = Ad-Hoc|iPhone
		{CC1ADA9A-629D-4184-96A7-454952853FAD}.Ad-Hoc|x86.ActiveCfg = Ad-Hoc|iPhone
		{CC1ADA9A-629D-4184-96A7-454952853FAD}.AppStore|Any CPU.ActiveCfg = AppStore|iPhone
		{CC1ADA9A-629D-4184-96A7-454952853FAD}.AppStore|ARM.ActiveCfg = AppStore|iPhone
		{CC1ADA9A-629D-4184-96A7-454952853FAD}.AppStore|iPhone.ActiveCfg = AppStore|iPhone
		{CC1ADA9A-629D-4184-96A7-454952853FAD}.AppStore|iPhone.Build.0 = AppStore|iPhone
		{CC1ADA9A-629D-4184-96A7-454952853FAD}.AppStore|iPhoneSimulator.ActiveCfg = AppStore|iPhoneSimulator
		{CC1ADA9A-629D-4184-96A7-454952853FAD}.AppStore|iPhoneSimulator.Build.0 = AppStore|iPhoneSimulator
		{CC1ADA9A-629D-4184-96A7-454952853FAD}.AppStore|x64.ActiveCfg = AppStore|iPhone
		{CC1ADA9A-629D-4184-96A7-454952853FAD}.AppStore|x86.ActiveCfg = AppStore|iPhone
		{CC1ADA9A-629D-4184-96A7-454952853FAD}.Debug|Any CPU.ActiveCfg = Debug|iPhone
		{CC1ADA9A-629D-4184-96A7-454952853FAD}.Debug|Any CPU.Build.0 = Debug|iPhone
		{CC1ADA9A-629D-4184-96A7-454952853FAD}.Debug|ARM.ActiveCfg = Debug|iPhone
		{CC1ADA9A-629D-4184-96A7-454952853FAD}.Debug|iPhone.ActiveCfg = Debug|iPhone
		{CC1ADA9A-629D-4184-96A7-454952853FAD}.Debug|iPhone.Build.0 = Debug|iPhone
		{CC1ADA9A-629D-4184-96A7-454952853FAD}.Debug|iPhoneSimulator.ActiveCfg = Debug|iPhoneSimulator
		{CC1ADA9A-629D-4184-96A7-454952853FAD}.Debug|iPhoneSimulator.Build.0 = Debug|iPhoneSimulator
		{CC1ADA9A-629D-4184-96A7-454952853FAD}.Debug|x64.ActiveCfg = Debug|iPhone
		{CC1ADA9A-629D-4184-96A7-454952853FAD}.Debug|x64.Build.0 = Debug|iPhone
		{CC1ADA9A-629D-4184-96A7-454952853FAD}.Debug|x86.ActiveCfg = Debug|iPhone
		{CC1ADA9A-629D-4184-96A7-454952853FAD}.Release|Any CPU.ActiveCfg = Release|iPhone
		{CC1ADA9A-629D-4184-96A7-454952853FAD}.Release|ARM.ActiveCfg = Release|iPhone
		{CC1ADA9A-629D-4184-96A7-454952853FAD}.Release|iPhone.ActiveCfg = Release|iPhone
		{CC1ADA9A-629D-4184-96A7-454952853FAD}.Release|iPhone.Build.0 = Release|iPhone
		{CC1ADA9A-629D-4184-96A7-454952853FAD}.Release|iPhoneSimulator.ActiveCfg = Release|iPhoneSimulator
		{CC1ADA9A-629D-4184-96A7-454952853FAD}.Release|iPhoneSimulator.Build.0 = Release|iPhoneSimulator
		{CC1ADA9A-629D-4184-96A7-454952853FAD}.Release|x64.ActiveCfg = Release|iPhone
		{CC1ADA9A-629D-4184-96A7-454952853FAD}.Release|x86.ActiveCfg = Release|iPhone
		{CA8DDDA0-36B2-4AD4-9522-10B41E8173A1}.Ad-Hoc|Any CPU.ActiveCfg = Release|x86
		{CA8DDDA0-36B2-4AD4-9522-10B41E8173A1}.Ad-Hoc|Any CPU.Build.0 = Release|x86
		{CA8DDDA0-36B2-4AD4-9522-10B41E8173A1}.Ad-Hoc|Any CPU.Deploy.0 = Release|x86
		{CA8DDDA0-36B2-4AD4-9522-10B41E8173A1}.Ad-Hoc|ARM.ActiveCfg = Release|ARM
		{CA8DDDA0-36B2-4AD4-9522-10B41E8173A1}.Ad-Hoc|ARM.Build.0 = Release|ARM
		{CA8DDDA0-36B2-4AD4-9522-10B41E8173A1}.Ad-Hoc|ARM.Deploy.0 = Release|ARM
		{CA8DDDA0-36B2-4AD4-9522-10B41E8173A1}.Ad-Hoc|iPhone.ActiveCfg = Release|x86
		{CA8DDDA0-36B2-4AD4-9522-10B41E8173A1}.Ad-Hoc|iPhone.Build.0 = Release|x86
		{CA8DDDA0-36B2-4AD4-9522-10B41E8173A1}.Ad-Hoc|iPhone.Deploy.0 = Release|x86
		{CA8DDDA0-36B2-4AD4-9522-10B41E8173A1}.Ad-Hoc|iPhoneSimulator.ActiveCfg = Release|x86
		{CA8DDDA0-36B2-4AD4-9522-10B41E8173A1}.Ad-Hoc|iPhoneSimulator.Build.0 = Release|x86
		{CA8DDDA0-36B2-4AD4-9522-10B41E8173A1}.Ad-Hoc|iPhoneSimulator.Deploy.0 = Release|x86
		{CA8DDDA0-36B2-4AD4-9522-10B41E8173A1}.Ad-Hoc|x64.ActiveCfg = Release|x64
		{CA8DDDA0-36B2-4AD4-9522-10B41E8173A1}.Ad-Hoc|x64.Build.0 = Release|x64
		{CA8DDDA0-36B2-4AD4-9522-10B41E8173A1}.Ad-Hoc|x64.Deploy.0 = Release|x64
		{CA8DDDA0-36B2-4AD4-9522-10B41E8173A1}.Ad-Hoc|x86.ActiveCfg = Release|x86
		{CA8DDDA0-36B2-4AD4-9522-10B41E8173A1}.Ad-Hoc|x86.Build.0 = Release|x86
		{CA8DDDA0-36B2-4AD4-9522-10B41E8173A1}.Ad-Hoc|x86.Deploy.0 = Release|x86
		{CA8DDDA0-36B2-4AD4-9522-10B41E8173A1}.AppStore|Any CPU.ActiveCfg = Release|x86
		{CA8DDDA0-36B2-4AD4-9522-10B41E8173A1}.AppStore|Any CPU.Build.0 = Release|x86
		{CA8DDDA0-36B2-4AD4-9522-10B41E8173A1}.AppStore|Any CPU.Deploy.0 = Release|x86
		{CA8DDDA0-36B2-4AD4-9522-10B41E8173A1}.AppStore|ARM.ActiveCfg = Release|ARM
		{CA8DDDA0-36B2-4AD4-9522-10B41E8173A1}.AppStore|ARM.Build.0 = Release|ARM
		{CA8DDDA0-36B2-4AD4-9522-10B41E8173A1}.AppStore|ARM.Deploy.0 = Release|ARM
		{CA8DDDA0-36B2-4AD4-9522-10B41E8173A1}.AppStore|iPhone.ActiveCfg = Release|x86
		{CA8DDDA0-36B2-4AD4-9522-10B41E8173A1}.AppStore|iPhone.Build.0 = Release|x86
		{CA8DDDA0-36B2-4AD4-9522-10B41E8173A1}.AppStore|iPhone.Deploy.0 = Release|x86
		{CA8DDDA0-36B2-4AD4-9522-10B41E8173A1}.AppStore|iPhoneSimulator.ActiveCfg = Release|x86
		{CA8DDDA0-36B2-4AD4-9522-10B41E8173A1}.AppStore|iPhoneSimulator.Build.0 = Release|x86
		{CA8DDDA0-36B2-4AD4-9522-10B41E8173A1}.AppStore|iPhoneSimulator.Deploy.0 = Release|x86
		{CA8DDDA0-36B2-4AD4-9522-10B41E8173A1}.AppStore|x64.ActiveCfg = Release|x64
		{CA8DDDA0-36B2-4AD4-9522-10B41E8173A1}.AppStore|x64.Build.0 = Release|x64
		{CA8DDDA0-36B2-4AD4-9522-10B41E8173A1}.AppStore|x64.Deploy.0 = Release|x64
		{CA8DDDA0-36B2-4AD4-9522-10B41E8173A1}.AppStore|x86.ActiveCfg = Release|x86
		{CA8DDDA0-36B2-4AD4-9522-10B41E8173A1}.AppStore|x86.Build.0 = Release|x86
		{CA8DDDA0-36B2-4AD4-9522-10B41E8173A1}.AppStore|x86.Deploy.0 = Release|x86
		{CA8DDDA0-36B2-4AD4-9522-10B41E8173A1}.Debug|Any CPU.ActiveCfg = Debug|x86
		{CA8DDDA0-36B2-4AD4-9522-10B41E8173A1}.Debug|Any CPU.Build.0 = Debug|x86
		{CA8DDDA0-36B2-4AD4-9522-10B41E8173A1}.Debug|Any CPU.Deploy.0 = Debug|x86
		{CA8DDDA0-36B2-4AD4-9522-10B41E8173A1}.Debug|ARM.ActiveCfg = Debug|ARM
		{CA8DDDA0-36B2-4AD4-9522-10B41E8173A1}.Debug|iPhone.ActiveCfg = Debug|x86
		{CA8DDDA0-36B2-4AD4-9522-10B41E8173A1}.Debug|iPhoneSimulator.ActiveCfg = Debug|x86
		{CA8DDDA0-36B2-4AD4-9522-10B41E8173A1}.Debug|x64.ActiveCfg = Debug|x64
		{CA8DDDA0-36B2-4AD4-9522-10B41E8173A1}.Debug|x64.Build.0 = Debug|x64
		{CA8DDDA0-36B2-4AD4-9522-10B41E8173A1}.Debug|x64.Deploy.0 = Debug|x64
		{CA8DDDA0-36B2-4AD4-9522-10B41E8173A1}.Debug|x86.ActiveCfg = Debug|x86
		{CA8DDDA0-36B2-4AD4-9522-10B41E8173A1}.Debug|x86.Build.0 = Debug|x86
		{CA8DDDA0-36B2-4AD4-9522-10B41E8173A1}.Debug|x86.Deploy.0 = Debug|x86
		{CA8DDDA0-36B2-4AD4-9522-10B41E8173A1}.Release|Any CPU.ActiveCfg = Release|x86
		{CA8DDDA0-36B2-4AD4-9522-10B41E8173A1}.Release|ARM.ActiveCfg = Release|ARM
		{CA8DDDA0-36B2-4AD4-9522-10B41E8173A1}.Release|ARM.Build.0 = Release|ARM
		{CA8DDDA0-36B2-4AD4-9522-10B41E8173A1}.Release|ARM.Deploy.0 = Release|ARM
		{CA8DDDA0-36B2-4AD4-9522-10B41E8173A1}.Release|iPhone.ActiveCfg = Release|x86
		{CA8DDDA0-36B2-4AD4-9522-10B41E8173A1}.Release|iPhoneSimulator.ActiveCfg = Release|x86
		{CA8DDDA0-36B2-4AD4-9522-10B41E8173A1}.Release|x64.ActiveCfg = Release|x64
		{CA8DDDA0-36B2-4AD4-9522-10B41E8173A1}.Release|x64.Build.0 = Release|x64
		{CA8DDDA0-36B2-4AD4-9522-10B41E8173A1}.Release|x64.Deploy.0 = Release|x64
		{CA8DDDA0-36B2-4AD4-9522-10B41E8173A1}.Release|x86.ActiveCfg = Release|x86
		{CA8DDDA0-36B2-4AD4-9522-10B41E8173A1}.Release|x86.Build.0 = Release|x86
		{CA8DDDA0-36B2-4AD4-9522-10B41E8173A1}.Release|x86.Deploy.0 = Release|x86
	EndGlobalSection
	GlobalSection(SolutionProperties) = preSolution
		HideSolutionNode = FALSE
	EndGlobalSection
	GlobalSection(ExtensibilityGlobals) = postSolution
		SolutionGuid = {522C5DE2-93A8-4435-B0D9-C860CA802736}
	EndGlobalSection
EndGlobal
